{
  "object": {
    "pins": [
      {
        "package": "ExtraKit",
        "repositoryURL": "https://github.com/rickbdotcom/ExtraKit",
        "state": {
          "branch": "swift/5.1",
          "revision": "c5c8a7060c11c1686830f86c8c15f2973f07e42c",
          "version": null
        }
      }
    ]
  },
  "version": 1
}
